
Microsoft Visual Studio Solution File, Format Version 12.00
# Visual Studio Version 17
VisualStudioVersion = 17.7.34024.191
MinimumVisualStudioVersion = 10.0.40219.1
Project("{FAE04EC0-301F-11D3-BF4B-00C04F79EFBC}") = "StringLibrary", "StringLibrary\StringLibrary.csproj", "{56BCD7EF-4500-4DE1-AE5B-3E4A99DFECDA}"
EndProject
Project("{FAE04EC0-301F-11D3-BF4B-00C04F79EFBC}") = "ShowCase", "ShowCase\ShowCase.csproj", "{668B7FC0-ECE9-4FA9-BD31-1403BAC5CAFB}"
EndProject
Project("{FAE04EC0-301F-11D3-BF4B-00C04F79EFBC}") = "StringLibraryTest", "StringLibraryTest\StringLibraryTest.csproj", "{2AB8D9E4-E189-4DBA-B6A0-F3FFAE8B21B4}"
EndProject
Global
	GlobalSection(SolutionConfigurationPlatforms) = preSolution
		Debug|Any CPU = Debug|Any CPU
		Release|Any CPU = Release|Any CPU
	EndGlobalSection
	GlobalSection(ProjectConfigurationPlatforms) = postSolution
		{56BCD7EF-4500-4DE1-AE5B-3E4A99DFECDA}.Debug|Any CPU.ActiveCfg = Debug|Any CPU
		{56BCD7EF-4500-4DE1-AE5B-3E4A99DFECDA}.Debug|Any CPU.Build.0 = Debug|Any CPU
		{56BCD7EF-4500-4DE1-AE5B-3E4A99DFECDA}.Release|Any CPU.ActiveCfg = Release|Any CPU
		{56BCD7EF-4500-4DE1-AE5B-3E4A99DFECDA}.Release|Any CPU.Build.0 = Release|Any CPU
		{668B7FC0-ECE9-4FA9-BD31-1403BAC5CAFB}.Debug|Any CPU.ActiveCfg = Debug|Any CPU
		{668B7FC0-ECE9-4FA9-BD31-1403BAC5CAFB}.Debug|Any CPU.Build.0 = Debug|Any CPU
		{668B7FC0-ECE9-4FA9-BD31-1403BAC5CAFB}.Release|Any CPU.ActiveCfg = Release|Any CPU
		{668B7FC0-ECE9-4FA9-BD31-1403BAC5CAFB}.Release|Any CPU.Build.0 = Release|Any CPU
		{2AB8D9E4-E189-4DBA-B6A0-F3FFAE8B21B4}.Debug|Any CPU.ActiveCfg = Debug|Any CPU
		{2AB8D9E4-E189-4DBA-B6A0-F3FFAE8B21B4}.Debug|Any CPU.Build.0 = Debug|Any CPU
		{2AB8D9E4-E189-4DBA-B6A0-F3FFAE8B21B4}.Release|Any CPU.ActiveCfg = Release|Any CPU
		{2AB8D9E4-E189-4DBA-B6A0-F3FFAE8B21B4}.Release|Any CPU.Build.0 = Release|Any CPU
	EndGlobalSection
	GlobalSection(SolutionProperties) = preSolution
		HideSolutionNode = FALSE
	EndGlobalSection
	GlobalSection(ExtensibilityGlobals) = postSolution
		SolutionGuid = {27B57158-61A8-46A5-AE62-AA0027F0C963}
	EndGlobalSection
EndGlobal
